<?xml version="1.0" encoding="utf-8"?>
<Project ToolsVersion="4.0" xmlns="http://schemas.microsoft.com/developer/msbuild/2003">
  <ItemGroup>
    <Filter Include="Source Files">
      <UniqueIdentifier>{4FC737F1-C7A5-4376-A066-2A32D752A2FF}</UniqueIdentifier>
      <Extensions>cpp;c;cc;cxx;def;odl;idl;hpj;bat;asm;asmx</Extensions>
    </Filter>
    <Filter Include="Header Files">
      <UniqueIdentifier>{93995380-89BD-4b04-88EB-625FBE52EBFB}</UniqueIdentifier>
      <Extensions>h;hpp;hxx;hm;inl;inc;xsd</Extensions>
    </Filter>
    <Filter Include="Include Files">
      <UniqueIdentifier>{67DA6AB6-F800-4c08-8B7A-83BB121AAD01}</UniqueIdentifier>
      <Extensions>inc;inl</Extensions>
    </Filter>
  </ItemGroup>
  <ItemGroup>
    <ClCompile Include="CmdLineParser.cpp">
      <Filter>Source Files</Filter>
    </ClCompile>
    <ClCompile Include="Factor.cpp">
      <Filter>Source Files</Filter>
    </ClCompile>
    <ClCompile Include="Geometry.cpp">
      <Filter>Source Files</Filter>
    </ClCompile>
    <ClCompile Include="MarchingCubes.cpp">
      <Filter>Source Files</Filter>
    </ClCompile>
    <ClCompile Include="myTime.cpp">
      <Filter>Source Files</Filter>
    </ClCompile>
    <ClCompile Include="PlyFile.cpp">
      <Filter>Source Files</Filter>
    </ClCompile>
  </ItemGroup>
  <ItemGroup>
    <ClInclude Include="Allocator.h">
      <Filter>Header Files</Filter>
    </ClInclude>
    <ClInclude Include="Array.h">
      <Filter>Header Files</Filter>
    </ClInclude>
    <ClInclude Include="BinaryNode.h">
      <Filter>Header Files</Filter>
    </ClInclude>
    <ClInclude Include="BSplineData.h">
      <Filter>Header Files</Filter>
    </ClInclude>
    <ClInclude Include="CmdLineParser.h">
      <Filter>Header Files</Filter>
    </ClInclude>
    <ClInclude Include="Factor.h">
      <Filter>Header Files</Filter>
    </ClInclude>
    <ClInclude Include="FunctionData.h">
      <Filter>Header Files</Filter>
    </ClInclude>
    <ClInclude Include="Geometry.h">
      <Filter>Header Files</Filter>
    </ClInclude>
    <ClInclude Include="Hash.h">
      <Filter>Header Files</Filter>
    </ClInclude>
    <ClInclude Include="MarchingCubes.h">
      <Filter>Header Files</Filter>
    </ClInclude>
    <ClInclude Include="MAT.h">
      <Filter>Header Files</Filter>
    </ClInclude>
    <ClInclude Include="MemoryUsage.h">
      <Filter>Header Files</Filter>
    </ClInclude>
    <ClInclude Include="MultiGridOctreeData.h">
      <Filter>Header Files</Filter>
    </ClInclude>
    <ClInclude Include="myTime.h">
      <Filter>Header Files</Filter>
    </ClInclude>
    <ClInclude Include="Octree.h">
      <Filter>Header Files</Filter>
    </ClInclude>
    <ClInclude Include="Ply.h">
      <Filter>Header Files</Filter>
    </ClInclude>
    <ClInclude Include="PlyFile.h">
      <Filter>Header Files</Filter>
    </ClInclude>
    <ClInclude Include="PointStream.h">
      <Filter>Header Files</Filter>
    </ClInclude>
    <ClInclude Include="Polynomial.h">
      <Filter>Header Files</Filter>
    </ClInclude>
    <ClInclude Include="PPolynomial.h">
      <Filter>Header Files</Filter>
    </ClInclude>
    <ClInclude Include="SparseMatrix.h">
      <Filter>Header Files</Filter>
    </ClInclude>
    <ClInclude Include="SurfaceTrimmer.h">
      <Filter>Header Files</Filter>
    </ClInclude>
    <ClInclude Include="Vector.h">
      <Filter>Header Files</Filter>
    </ClInclude>
  </ItemGroup>
  <ItemGroup>
    <None Include="Array.inl">
      <Filter>Include Files</Filter>
    </None>
    <None Include="BSplineData.inl">
      <Filter>Include Files</Filter>
    </None>
    <None Include="CmdLineParser.inl">
      <Filter>Include Files</Filter>
    </None>
    <None Include="FunctionData.inl">
      <Filter>Include Files</Filter>
    </None>
    <None Include="Geometry.inl">
      <Filter>Include Files</Filter>
    </None>
    <None Include="MAT.inl">
      <Filter>Include Files</Filter>
    </None>
    <None Include="MultiGridOctreeData.inl">
      <Filter>Include Files</Filter>
    </None>
    <None Include="MultiGridOctreeData.IsoSurface.inl">
      <Filter>Include Files</Filter>
    </None>
    <None Include="MultiGridOctreeData.SortedTreeNodes.inl">
      <Filter>Include Files</Filter>
    </None>
    <None Include="mySetTree.inl">
      <Filter>Include Files</Filter>
    </None>
    <None Include="Octree.inl">
      <Filter>Include Files</Filter>
    </None>
    <None Include="PointStream.inl">
      <Filter>Include Files</Filter>
    </None>
    <None Include="Polynomial.inl">
      <Filter>Include Files</Filter>
    </None>
    <None Include="PPolynomial.inl">
      <Filter>Include Files</Filter>
    </None>
    <None Include="SparseMatrix.inl">
      <Filter>Include Files</Filter>
    </None>
    <None Include="SurfaceTrimmer.inl">
      <Filter>Include Files</Filter>
    </None>
    <None Include="Vector.inl">
      <Filter>Include Files</Filter>
    </None>
  </ItemGroup>
</Project>