<?xml version="1.0" encoding="utf-8"?>
<Project ToolsVersion="4.0" xmlns="http://schemas.microsoft.com/developer/msbuild/2003">
  <ItemGroup>
    <Filter Include="Source Files">
      <UniqueIdentifier>{4FC737F1-C7A5-4376-A066-2A32D752A2FF}</UniqueIdentifier>
      <Extensions>cpp;c;cc;cxx;def;odl;idl;hpj;bat;asm;asmx</Extensions>
    </Filter>
    <Filter Include="Header Files">
      <UniqueIdentifier>{93995380-89BD-4b04-88EB-625FBE52EBFB}</UniqueIdentifier>
      <Extensions>h;hpp;hxx;hm;inl;inc;xsd</Extensions>
    </Filter>
    <Filter Include="Resource Files">
      <UniqueIdentifier>{67DA6AB6-F800-4c08-8B7A-83BB121AAD01}</UniqueIdentifier>
      <Extensions>rc;ico;cur;bmp;dlg;rc2;rct;bin;rgs;gif;jpg;jpeg;jpe;resx;tiff;tif;png;wav</Extensions>
    </Filter>
    <Filter Include="Shader Source">
      <UniqueIdentifier>{b1d969c2-07b2-442c-bbf1-c2e0d4e61fed}</UniqueIdentifier>
    </Filter>
  </ItemGroup>
  <ItemGroup>
    <ClCompile Include="objects_manager.cpp">
      <Filter>Source Files</Filter>
    </ClCompile>
    <ClCompile Include="plain_point_set_render.cpp">
      <Filter>Source Files</Filter>
    </ClCompile>
    <ClCompile Include="plain_surface_render.cpp">
      <Filter>Source Files</Filter>
    </ClCompile>
    <ClCompile Include="point_as_sphere.cpp">
      <Filter>Source Files</Filter>
    </ClCompile>
    <ClCompile Include="render.cpp">
      <Filter>Source Files</Filter>
    </ClCompile>
    <ClCompile Include="render_manager.cpp">
      <Filter>Source Files</Filter>
    </ClCompile>
    <ClCompile Include="scalar_point_set_render.cpp">
      <Filter>Source Files</Filter>
    </ClCompile>
    <ClCompile Include="scalar_render.cpp">
      <Filter>Source Files</Filter>
    </ClCompile>
    <ClCompile Include="scalar_surface_render.cpp">
      <Filter>Source Files</Filter>
    </ClCompile>
    <ClCompile Include="surface_render.cpp">
      <Filter>Source Files</Filter>
    </ClCompile>
    <ClCompile Include="texture.cpp">
      <Filter>Source Files</Filter>
    </ClCompile>
    <ClCompile Include="texture_factory.cpp">
      <Filter>Source Files</Filter>
    </ClCompile>
  </ItemGroup>
  <ItemGroup>
    <ClInclude Include="objects_manager.h">
      <Filter>Header Files</Filter>
    </ClInclude>
    <ClInclude Include="plain_point_set_render.h">
      <Filter>Header Files</Filter>
    </ClInclude>
    <ClInclude Include="plain_surface_render.h">
      <Filter>Header Files</Filter>
    </ClInclude>
    <ClInclude Include="point_as_sphere.h">
      <Filter>Header Files</Filter>
    </ClInclude>
    <ClInclude Include="render.h">
      <Filter>Header Files</Filter>
    </ClInclude>
    <ClInclude Include="render_manager.h">
      <Filter>Header Files</Filter>
    </ClInclude>
    <ClInclude Include="render_types.h">
      <Filter>Header Files</Filter>
    </ClInclude>
    <ClInclude Include="renderer_common.h">
      <Filter>Header Files</Filter>
    </ClInclude>
    <ClInclude Include="rendering_styles.h">
      <Filter>Header Files</Filter>
    </ClInclude>
    <ClInclude Include="scalar_point_set_render.h">
      <Filter>Header Files</Filter>
    </ClInclude>
    <ClInclude Include="scalar_render.h">
      <Filter>Header Files</Filter>
    </ClInclude>
    <ClInclude Include="scalar_surface_render.h">
      <Filter>Header Files</Filter>
    </ClInclude>
    <ClInclude Include="surface_render.h">
      <Filter>Header Files</Filter>
    </ClInclude>
    <ClInclude Include="texture.h">
      <Filter>Header Files</Filter>
    </ClInclude>
    <ClInclude Include="texture_factory.h">
      <Filter>Header Files</Filter>
    </ClInclude>
  </ItemGroup>
  <ItemGroup>
    <None Include="..\resource\gpu\shadewire.fs">
      <Filter>Shader Source</Filter>
    </None>
    <None Include="..\resource\gpu\shadewire.gs">
      <Filter>Shader Source</Filter>
    </None>
    <None Include="..\resource\gpu\shadewire.vs">
      <Filter>Shader Source</Filter>
    </None>
    <None Include="..\resource\gpu\sphere.fs">
      <Filter>Shader Source</Filter>
    </None>
    <None Include="..\resource\gpu\sphere.vs">
      <Filter>Shader Source</Filter>
    </None>
  </ItemGroup>
  <ItemGroup>
    <Text Include="ReadMe.txt" />
  </ItemGroup>
</Project>