
Microsoft Visual Studio Solution File, Format Version 12.00
# Visual Studio 2013
VisualStudioVersion = 12.0.30723.0
MinimumVisualStudioVersion = 10.0.40219.1
Project("{8BC9CEB8-8B4A-11D0-8D11-00A0C91BC942}") = "3rd_numeric_libLBFGS", "..\3rd_libLBFGS\3rd_libLBFGS.vcxproj", "{BEDF24D6-9527-40C4-90BF-B51EBB6A64EA}"
EndProject
Project("{8BC9CEB8-8B4A-11D0-8D11-00A0C91BC942}") = "3rd_poissonRecon", "..\3rd_poisson_recon\3rd_poissonRecon.vcxproj", "{11B36370-55A6-45CB-ADC8-701A472DDD40}"
EndProject
Project("{8BC9CEB8-8B4A-11D0-8D11-00A0C91BC942}") = "3rd_QGLViewer", "..\3rd_QGLViewer\QGLViewer.vcxproj", "{18D93595-4649-355C-B0C4-5AA043FD2BFB}"
EndProject
Project("{8BC9CEB8-8B4A-11D0-8D11-00A0C91BC942}") = "algo", "..\algo\algo.vcxproj", "{7B5CCF91-C18E-4D34-B6A3-4B9F171BB7CB}"
EndProject
Project("{8BC9CEB8-8B4A-11D0-8D11-00A0C91BC942}") = "basic", "..\basic\basic.vcxproj", "{B83A04F9-4270-4440-9D1A-80DCAAB009C4}"
EndProject
Project("{8BC9CEB8-8B4A-11D0-8D11-00A0C91BC942}") = "file_io", "..\file_io\file_io.vcxproj", "{EE9D3A22-7049-4B00-99B8-E05A9BADA344}"
EndProject
Project("{8BC9CEB8-8B4A-11D0-8D11-00A0C91BC942}") = "geom", "..\geom\geom.vcxproj", "{206AEC20-3F2A-42C8-A0D7-20407748FFAD}"
EndProject
Project("{8BC9CEB8-8B4A-11D0-8D11-00A0C91BC942}") = "image", "..\image\image.vcxproj", "{715278A4-B2FF-4AE1-91FD-E6175F6B2A89}"
EndProject
Project("{8BC9CEB8-8B4A-11D0-8D11-00A0C91BC942}") = "kd_tree", "..\kd_tree\kd_tree.vcxproj", "{D5BDC3A8-5B8F-4E45-B7D4-C512DD339BE2}"
EndProject
Project("{8BC9CEB8-8B4A-11D0-8D11-00A0C91BC942}") = "math", "..\math\math.vcxproj", "{DE0A5C55-3BD4-4CC3-AA21-A57C577F4584}"
EndProject
Project("{8BC9CEB8-8B4A-11D0-8D11-00A0C91BC942}") = "opengl", "..\opengl\opengl.vcxproj", "{2F82D905-594B-44F4-B8FF-CF2BA286BE09}"
EndProject
Project("{8BC9CEB8-8B4A-11D0-8D11-00A0C91BC942}") = "renderer", "..\renderer\renderer.vcxproj", "{8CDA3B99-3A5A-446C-9E26-F2654D858AB6}"
EndProject
Project("{8BC9CEB8-8B4A-11D0-8D11-00A0C91BC942}") = "mobility", "..\mobility\mobility.vcxproj", "{0A81025B-636A-4E12-BAE3-232D153F5918}"
EndProject
Project("{8BC9CEB8-8B4A-11D0-8D11-00A0C91BC942}") = "MobilityRecon", "MobilityRecon\MobilityRecon.vcxproj", "{B12702AD-ABFB-343A-A199-8E24837244A3}"
EndProject
Project("{8BC9CEB8-8B4A-11D0-8D11-00A0C91BC942}") = "kinect_io", "..\kinect_io\kinect_io.vcxproj", "{9226937B-B147-4C50-AE54-BD538699BA2D}"
EndProject
Global
	GlobalSection(SolutionConfigurationPlatforms) = preSolution
		Debug|Mixed Platforms = Debug|Mixed Platforms
		Debug|Win32 = Debug|Win32
		Debug|x64 = Debug|x64
		Release|Mixed Platforms = Release|Mixed Platforms
		Release|Win32 = Release|Win32
		Release|x64 = Release|x64
	EndGlobalSection
	GlobalSection(ProjectConfigurationPlatforms) = postSolution
		{BEDF24D6-9527-40C4-90BF-B51EBB6A64EA}.Debug|Mixed Platforms.ActiveCfg = Debug|Win32
		{BEDF24D6-9527-40C4-90BF-B51EBB6A64EA}.Debug|Mixed Platforms.Build.0 = Debug|Win32
		{BEDF24D6-9527-40C4-90BF-B51EBB6A64EA}.Debug|Win32.ActiveCfg = Debug|Win32
		{BEDF24D6-9527-40C4-90BF-B51EBB6A64EA}.Debug|Win32.Build.0 = Debug|Win32
		{BEDF24D6-9527-40C4-90BF-B51EBB6A64EA}.Debug|x64.ActiveCfg = Debug|x64
		{BEDF24D6-9527-40C4-90BF-B51EBB6A64EA}.Debug|x64.Build.0 = Debug|x64
		{BEDF24D6-9527-40C4-90BF-B51EBB6A64EA}.Release|Mixed Platforms.ActiveCfg = Release|Win32
		{BEDF24D6-9527-40C4-90BF-B51EBB6A64EA}.Release|Mixed Platforms.Build.0 = Release|Win32
		{BEDF24D6-9527-40C4-90BF-B51EBB6A64EA}.Release|Win32.ActiveCfg = Release|Win32
		{BEDF24D6-9527-40C4-90BF-B51EBB6A64EA}.Release|Win32.Build.0 = Release|Win32
		{BEDF24D6-9527-40C4-90BF-B51EBB6A64EA}.Release|x64.ActiveCfg = Release|x64
		{BEDF24D6-9527-40C4-90BF-B51EBB6A64EA}.Release|x64.Build.0 = Release|x64
		{11B36370-55A6-45CB-ADC8-701A472DDD40}.Debug|Mixed Platforms.ActiveCfg = Debug|Win32
		{11B36370-55A6-45CB-ADC8-701A472DDD40}.Debug|Mixed Platforms.Build.0 = Debug|Win32
		{11B36370-55A6-45CB-ADC8-701A472DDD40}.Debug|Win32.ActiveCfg = Debug|Win32
		{11B36370-55A6-45CB-ADC8-701A472DDD40}.Debug|Win32.Build.0 = Debug|Win32
		{11B36370-55A6-45CB-ADC8-701A472DDD40}.Debug|x64.ActiveCfg = Debug|x64
		{11B36370-55A6-45CB-ADC8-701A472DDD40}.Debug|x64.Build.0 = Debug|x64
		{11B36370-55A6-45CB-ADC8-701A472DDD40}.Release|Mixed Platforms.ActiveCfg = Release|Win32
		{11B36370-55A6-45CB-ADC8-701A472DDD40}.Release|Mixed Platforms.Build.0 = Release|Win32
		{11B36370-55A6-45CB-ADC8-701A472DDD40}.Release|Win32.ActiveCfg = Release|Win32
		{11B36370-55A6-45CB-ADC8-701A472DDD40}.Release|Win32.Build.0 = Release|Win32
		{11B36370-55A6-45CB-ADC8-701A472DDD40}.Release|x64.ActiveCfg = Release|x64
		{11B36370-55A6-45CB-ADC8-701A472DDD40}.Release|x64.Build.0 = Release|x64
		{18D93595-4649-355C-B0C4-5AA043FD2BFB}.Debug|Mixed Platforms.ActiveCfg = Debug|x64
		{18D93595-4649-355C-B0C4-5AA043FD2BFB}.Debug|Mixed Platforms.Build.0 = Debug|x64
		{18D93595-4649-355C-B0C4-5AA043FD2BFB}.Debug|Win32.ActiveCfg = Debug|x64
		{18D93595-4649-355C-B0C4-5AA043FD2BFB}.Debug|x64.ActiveCfg = Debug|x64
		{18D93595-4649-355C-B0C4-5AA043FD2BFB}.Debug|x64.Build.0 = Debug|x64
		{18D93595-4649-355C-B0C4-5AA043FD2BFB}.Release|Mixed Platforms.ActiveCfg = Release|x64
		{18D93595-4649-355C-B0C4-5AA043FD2BFB}.Release|Mixed Platforms.Build.0 = Release|x64
		{18D93595-4649-355C-B0C4-5AA043FD2BFB}.Release|Win32.ActiveCfg = Release|x64
		{18D93595-4649-355C-B0C4-5AA043FD2BFB}.Release|x64.ActiveCfg = Release|x64
		{18D93595-4649-355C-B0C4-5AA043FD2BFB}.Release|x64.Build.0 = Release|x64
		{7B5CCF91-C18E-4D34-B6A3-4B9F171BB7CB}.Debug|Mixed Platforms.ActiveCfg = Debug|Win32
		{7B5CCF91-C18E-4D34-B6A3-4B9F171BB7CB}.Debug|Mixed Platforms.Build.0 = Debug|Win32
		{7B5CCF91-C18E-4D34-B6A3-4B9F171BB7CB}.Debug|Win32.ActiveCfg = Debug|Win32
		{7B5CCF91-C18E-4D34-B6A3-4B9F171BB7CB}.Debug|Win32.Build.0 = Debug|Win32
		{7B5CCF91-C18E-4D34-B6A3-4B9F171BB7CB}.Debug|x64.ActiveCfg = Debug|x64
		{7B5CCF91-C18E-4D34-B6A3-4B9F171BB7CB}.Debug|x64.Build.0 = Debug|x64
		{7B5CCF91-C18E-4D34-B6A3-4B9F171BB7CB}.Release|Mixed Platforms.ActiveCfg = Release|Win32
		{7B5CCF91-C18E-4D34-B6A3-4B9F171BB7CB}.Release|Mixed Platforms.Build.0 = Release|Win32
		{7B5CCF91-C18E-4D34-B6A3-4B9F171BB7CB}.Release|Win32.ActiveCfg = Release|Win32
		{7B5CCF91-C18E-4D34-B6A3-4B9F171BB7CB}.Release|Win32.Build.0 = Release|Win32
		{7B5CCF91-C18E-4D34-B6A3-4B9F171BB7CB}.Release|x64.ActiveCfg = Release|x64
		{7B5CCF91-C18E-4D34-B6A3-4B9F171BB7CB}.Release|x64.Build.0 = Release|x64
		{B83A04F9-4270-4440-9D1A-80DCAAB009C4}.Debug|Mixed Platforms.ActiveCfg = Debug|Win32
		{B83A04F9-4270-4440-9D1A-80DCAAB009C4}.Debug|Mixed Platforms.Build.0 = Debug|Win32
		{B83A04F9-4270-4440-9D1A-80DCAAB009C4}.Debug|Win32.ActiveCfg = Debug|Win32
		{B83A04F9-4270-4440-9D1A-80DCAAB009C4}.Debug|Win32.Build.0 = Debug|Win32
		{B83A04F9-4270-4440-9D1A-80DCAAB009C4}.Debug|x64.ActiveCfg = Debug|x64
		{B83A04F9-4270-4440-9D1A-80DCAAB009C4}.Debug|x64.Build.0 = Debug|x64
		{B83A04F9-4270-4440-9D1A-80DCAAB009C4}.Release|Mixed Platforms.ActiveCfg = Release|Win32
		{B83A04F9-4270-4440-9D1A-80DCAAB009C4}.Release|Mixed Platforms.Build.0 = Release|Win32
		{B83A04F9-4270-4440-9D1A-80DCAAB009C4}.Release|Win32.ActiveCfg = Release|Win32
		{B83A04F9-4270-4440-9D1A-80DCAAB009C4}.Release|Win32.Build.0 = Release|Win32
		{B83A04F9-4270-4440-9D1A-80DCAAB009C4}.Release|x64.ActiveCfg = Release|x64
		{B83A04F9-4270-4440-9D1A-80DCAAB009C4}.Release|x64.Build.0 = Release|x64
		{EE9D3A22-7049-4B00-99B8-E05A9BADA344}.Debug|Mixed Platforms.ActiveCfg = Debug|Win32
		{EE9D3A22-7049-4B00-99B8-E05A9BADA344}.Debug|Mixed Platforms.Build.0 = Debug|Win32
		{EE9D3A22-7049-4B00-99B8-E05A9BADA344}.Debug|Win32.ActiveCfg = Debug|Win32
		{EE9D3A22-7049-4B00-99B8-E05A9BADA344}.Debug|Win32.Build.0 = Debug|Win32
		{EE9D3A22-7049-4B00-99B8-E05A9BADA344}.Debug|x64.ActiveCfg = Debug|x64
		{EE9D3A22-7049-4B00-99B8-E05A9BADA344}.Debug|x64.Build.0 = Debug|x64
		{EE9D3A22-7049-4B00-99B8-E05A9BADA344}.Release|Mixed Platforms.ActiveCfg = Release|Win32
		{EE9D3A22-7049-4B00-99B8-E05A9BADA344}.Release|Mixed Platforms.Build.0 = Release|Win32
		{EE9D3A22-7049-4B00-99B8-E05A9BADA344}.Release|Win32.ActiveCfg = Release|Win32
		{EE9D3A22-7049-4B00-99B8-E05A9BADA344}.Release|Win32.Build.0 = Release|Win32
		{EE9D3A22-7049-4B00-99B8-E05A9BADA344}.Release|x64.ActiveCfg = Release|x64
		{EE9D3A22-7049-4B00-99B8-E05A9BADA344}.Release|x64.Build.0 = Release|x64
		{206AEC20-3F2A-42C8-A0D7-20407748FFAD}.Debug|Mixed Platforms.ActiveCfg = Debug|Win32
		{206AEC20-3F2A-42C8-A0D7-20407748FFAD}.Debug|Mixed Platforms.Build.0 = Debug|Win32
		{206AEC20-3F2A-42C8-A0D7-20407748FFAD}.Debug|Win32.ActiveCfg = Debug|Win32
		{206AEC20-3F2A-42C8-A0D7-20407748FFAD}.Debug|Win32.Build.0 = Debug|Win32
		{206AEC20-3F2A-42C8-A0D7-20407748FFAD}.Debug|x64.ActiveCfg = Debug|x64
		{206AEC20-3F2A-42C8-A0D7-20407748FFAD}.Debug|x64.Build.0 = Debug|x64
		{206AEC20-3F2A-42C8-A0D7-20407748FFAD}.Release|Mixed Platforms.ActiveCfg = Release|Win32
		{206AEC20-3F2A-42C8-A0D7-20407748FFAD}.Release|Mixed Platforms.Build.0 = Release|Win32
		{206AEC20-3F2A-42C8-A0D7-20407748FFAD}.Release|Win32.ActiveCfg = Release|Win32
		{206AEC20-3F2A-42C8-A0D7-20407748FFAD}.Release|Win32.Build.0 = Release|Win32
		{206AEC20-3F2A-42C8-A0D7-20407748FFAD}.Release|x64.ActiveCfg = Release|x64
		{206AEC20-3F2A-42C8-A0D7-20407748FFAD}.Release|x64.Build.0 = Release|x64
		{715278A4-B2FF-4AE1-91FD-E6175F6B2A89}.Debug|Mixed Platforms.ActiveCfg = Debug|Win32
		{715278A4-B2FF-4AE1-91FD-E6175F6B2A89}.Debug|Mixed Platforms.Build.0 = Debug|Win32
		{715278A4-B2FF-4AE1-91FD-E6175F6B2A89}.Debug|Win32.ActiveCfg = Debug|Win32
		{715278A4-B2FF-4AE1-91FD-E6175F6B2A89}.Debug|Win32.Build.0 = Debug|Win32
		{715278A4-B2FF-4AE1-91FD-E6175F6B2A89}.Debug|x64.ActiveCfg = Debug|x64
		{715278A4-B2FF-4AE1-91FD-E6175F6B2A89}.Debug|x64.Build.0 = Debug|x64
		{715278A4-B2FF-4AE1-91FD-E6175F6B2A89}.Release|Mixed Platforms.ActiveCfg = Release|Win32
		{715278A4-B2FF-4AE1-91FD-E6175F6B2A89}.Release|Mixed Platforms.Build.0 = Release|Win32
		{715278A4-B2FF-4AE1-91FD-E6175F6B2A89}.Release|Win32.ActiveCfg = Release|Win32
		{715278A4-B2FF-4AE1-91FD-E6175F6B2A89}.Release|Win32.Build.0 = Release|Win32
		{715278A4-B2FF-4AE1-91FD-E6175F6B2A89}.Release|x64.ActiveCfg = Release|x64
		{715278A4-B2FF-4AE1-91FD-E6175F6B2A89}.Release|x64.Build.0 = Release|x64
		{D5BDC3A8-5B8F-4E45-B7D4-C512DD339BE2}.Debug|Mixed Platforms.ActiveCfg = Debug|Win32
		{D5BDC3A8-5B8F-4E45-B7D4-C512DD339BE2}.Debug|Mixed Platforms.Build.0 = Debug|Win32
		{D5BDC3A8-5B8F-4E45-B7D4-C512DD339BE2}.Debug|Win32.ActiveCfg = Debug|Win32
		{D5BDC3A8-5B8F-4E45-B7D4-C512DD339BE2}.Debug|Win32.Build.0 = Debug|Win32
		{D5BDC3A8-5B8F-4E45-B7D4-C512DD339BE2}.Debug|x64.ActiveCfg = Debug|x64
		{D5BDC3A8-5B8F-4E45-B7D4-C512DD339BE2}.Debug|x64.Build.0 = Debug|x64
		{D5BDC3A8-5B8F-4E45-B7D4-C512DD339BE2}.Release|Mixed Platforms.ActiveCfg = Release|Win32
		{D5BDC3A8-5B8F-4E45-B7D4-C512DD339BE2}.Release|Mixed Platforms.Build.0 = Release|Win32
		{D5BDC3A8-5B8F-4E45-B7D4-C512DD339BE2}.Release|Win32.ActiveCfg = Release|Win32
		{D5BDC3A8-5B8F-4E45-B7D4-C512DD339BE2}.Release|Win32.Build.0 = Release|Win32
		{D5BDC3A8-5B8F-4E45-B7D4-C512DD339BE2}.Release|x64.ActiveCfg = Release|x64
		{D5BDC3A8-5B8F-4E45-B7D4-C512DD339BE2}.Release|x64.Build.0 = Release|x64
		{DE0A5C55-3BD4-4CC3-AA21-A57C577F4584}.Debug|Mixed Platforms.ActiveCfg = Debug|Win32
		{DE0A5C55-3BD4-4CC3-AA21-A57C577F4584}.Debug|Mixed Platforms.Build.0 = Debug|Win32
		{DE0A5C55-3BD4-4CC3-AA21-A57C577F4584}.Debug|Win32.ActiveCfg = Debug|Win32
		{DE0A5C55-3BD4-4CC3-AA21-A57C577F4584}.Debug|Win32.Build.0 = Debug|Win32
		{DE0A5C55-3BD4-4CC3-AA21-A57C577F4584}.Debug|x64.ActiveCfg = Debug|x64
		{DE0A5C55-3BD4-4CC3-AA21-A57C577F4584}.Debug|x64.Build.0 = Debug|x64
		{DE0A5C55-3BD4-4CC3-AA21-A57C577F4584}.Release|Mixed Platforms.ActiveCfg = Release|Win32
		{DE0A5C55-3BD4-4CC3-AA21-A57C577F4584}.Release|Mixed Platforms.Build.0 = Release|Win32
		{DE0A5C55-3BD4-4CC3-AA21-A57C577F4584}.Release|Win32.ActiveCfg = Release|Win32
		{DE0A5C55-3BD4-4CC3-AA21-A57C577F4584}.Release|Win32.Build.0 = Release|Win32
		{DE0A5C55-3BD4-4CC3-AA21-A57C577F4584}.Release|x64.ActiveCfg = Release|x64
		{DE0A5C55-3BD4-4CC3-AA21-A57C577F4584}.Release|x64.Build.0 = Release|x64
		{2F82D905-594B-44F4-B8FF-CF2BA286BE09}.Debug|Mixed Platforms.ActiveCfg = Debug|Win32
		{2F82D905-594B-44F4-B8FF-CF2BA286BE09}.Debug|Mixed Platforms.Build.0 = Debug|Win32
		{2F82D905-594B-44F4-B8FF-CF2BA286BE09}.Debug|Win32.ActiveCfg = Debug|Win32
		{2F82D905-594B-44F4-B8FF-CF2BA286BE09}.Debug|Win32.Build.0 = Debug|Win32
		{2F82D905-594B-44F4-B8FF-CF2BA286BE09}.Debug|x64.ActiveCfg = Debug|x64
		{2F82D905-594B-44F4-B8FF-CF2BA286BE09}.Debug|x64.Build.0 = Debug|x64
		{2F82D905-594B-44F4-B8FF-CF2BA286BE09}.Release|Mixed Platforms.ActiveCfg = Release|Win32
		{2F82D905-594B-44F4-B8FF-CF2BA286BE09}.Release|Mixed Platforms.Build.0 = Release|Win32
		{2F82D905-594B-44F4-B8FF-CF2BA286BE09}.Release|Win32.ActiveCfg = Release|Win32
		{2F82D905-594B-44F4-B8FF-CF2BA286BE09}.Release|Win32.Build.0 = Release|Win32
		{2F82D905-594B-44F4-B8FF-CF2BA286BE09}.Release|x64.ActiveCfg = Release|x64
		{2F82D905-594B-44F4-B8FF-CF2BA286BE09}.Release|x64.Build.0 = Release|x64
		{8CDA3B99-3A5A-446C-9E26-F2654D858AB6}.Debug|Mixed Platforms.ActiveCfg = Debug|Win32
		{8CDA3B99-3A5A-446C-9E26-F2654D858AB6}.Debug|Mixed Platforms.Build.0 = Debug|Win32
		{8CDA3B99-3A5A-446C-9E26-F2654D858AB6}.Debug|Win32.ActiveCfg = Debug|Win32
		{8CDA3B99-3A5A-446C-9E26-F2654D858AB6}.Debug|Win32.Build.0 = Debug|Win32
		{8CDA3B99-3A5A-446C-9E26-F2654D858AB6}.Debug|x64.ActiveCfg = Debug|x64
		{8CDA3B99-3A5A-446C-9E26-F2654D858AB6}.Debug|x64.Build.0 = Debug|x64
		{8CDA3B99-3A5A-446C-9E26-F2654D858AB6}.Release|Mixed Platforms.ActiveCfg = Release|Win32
		{8CDA3B99-3A5A-446C-9E26-F2654D858AB6}.Release|Mixed Platforms.Build.0 = Release|Win32
		{8CDA3B99-3A5A-446C-9E26-F2654D858AB6}.Release|Win32.ActiveCfg = Release|Win32
		{8CDA3B99-3A5A-446C-9E26-F2654D858AB6}.Release|Win32.Build.0 = Release|Win32
		{8CDA3B99-3A5A-446C-9E26-F2654D858AB6}.Release|x64.ActiveCfg = Release|x64
		{8CDA3B99-3A5A-446C-9E26-F2654D858AB6}.Release|x64.Build.0 = Release|x64
		{0A81025B-636A-4E12-BAE3-232D153F5918}.Debug|Mixed Platforms.ActiveCfg = Debug|Win32
		{0A81025B-636A-4E12-BAE3-232D153F5918}.Debug|Mixed Platforms.Build.0 = Debug|Win32
		{0A81025B-636A-4E12-BAE3-232D153F5918}.Debug|Win32.ActiveCfg = Debug|Win32
		{0A81025B-636A-4E12-BAE3-232D153F5918}.Debug|Win32.Build.0 = Debug|Win32
		{0A81025B-636A-4E12-BAE3-232D153F5918}.Debug|x64.ActiveCfg = Debug|x64
		{0A81025B-636A-4E12-BAE3-232D153F5918}.Debug|x64.Build.0 = Debug|x64
		{0A81025B-636A-4E12-BAE3-232D153F5918}.Release|Mixed Platforms.ActiveCfg = Release|Win32
		{0A81025B-636A-4E12-BAE3-232D153F5918}.Release|Mixed Platforms.Build.0 = Release|Win32
		{0A81025B-636A-4E12-BAE3-232D153F5918}.Release|Win32.ActiveCfg = Release|Win32
		{0A81025B-636A-4E12-BAE3-232D153F5918}.Release|Win32.Build.0 = Release|Win32
		{0A81025B-636A-4E12-BAE3-232D153F5918}.Release|x64.ActiveCfg = Release|x64
		{0A81025B-636A-4E12-BAE3-232D153F5918}.Release|x64.Build.0 = Release|x64
		{B12702AD-ABFB-343A-A199-8E24837244A3}.Debug|Mixed Platforms.ActiveCfg = Debug|Win32
		{B12702AD-ABFB-343A-A199-8E24837244A3}.Debug|Mixed Platforms.Build.0 = Debug|Win32
		{B12702AD-ABFB-343A-A199-8E24837244A3}.Debug|Win32.ActiveCfg = Debug|Win32
		{B12702AD-ABFB-343A-A199-8E24837244A3}.Debug|Win32.Build.0 = Debug|Win32
		{B12702AD-ABFB-343A-A199-8E24837244A3}.Debug|x64.ActiveCfg = Debug|x64
		{B12702AD-ABFB-343A-A199-8E24837244A3}.Debug|x64.Build.0 = Debug|x64
		{B12702AD-ABFB-343A-A199-8E24837244A3}.Release|Mixed Platforms.ActiveCfg = Release|Win32
		{B12702AD-ABFB-343A-A199-8E24837244A3}.Release|Mixed Platforms.Build.0 = Release|Win32
		{B12702AD-ABFB-343A-A199-8E24837244A3}.Release|Win32.ActiveCfg = Release|Win32
		{B12702AD-ABFB-343A-A199-8E24837244A3}.Release|Win32.Build.0 = Release|Win32
		{B12702AD-ABFB-343A-A199-8E24837244A3}.Release|x64.ActiveCfg = Release|x64
		{B12702AD-ABFB-343A-A199-8E24837244A3}.Release|x64.Build.0 = Release|x64
		{9226937B-B147-4C50-AE54-BD538699BA2D}.Debug|Mixed Platforms.ActiveCfg = Debug|Win32
		{9226937B-B147-4C50-AE54-BD538699BA2D}.Debug|Mixed Platforms.Build.0 = Debug|Win32
		{9226937B-B147-4C50-AE54-BD538699BA2D}.Debug|Win32.ActiveCfg = Debug|Win32
		{9226937B-B147-4C50-AE54-BD538699BA2D}.Debug|Win32.Build.0 = Debug|Win32
		{9226937B-B147-4C50-AE54-BD538699BA2D}.Debug|x64.ActiveCfg = Debug|Win32
		{9226937B-B147-4C50-AE54-BD538699BA2D}.Release|Mixed Platforms.ActiveCfg = Release|Win32
		{9226937B-B147-4C50-AE54-BD538699BA2D}.Release|Mixed Platforms.Build.0 = Release|Win32
		{9226937B-B147-4C50-AE54-BD538699BA2D}.Release|Win32.ActiveCfg = Release|Win32
		{9226937B-B147-4C50-AE54-BD538699BA2D}.Release|Win32.Build.0 = Release|Win32
		{9226937B-B147-4C50-AE54-BD538699BA2D}.Release|x64.ActiveCfg = Release|x64
	EndGlobalSection
	GlobalSection(SolutionProperties) = preSolution
		HideSolutionNode = FALSE
	EndGlobalSection
EndGlobal
